
Microsoft Visual Studio Solution File, Format Version 12.00
# Visual Studio Version 16
VisualStudioVersion = 16.0.30503.244
MinimumVisualStudioVersion = 10.0.40219.1
Project("{FAE04EC0-301F-11D3-BF4B-00C04F79EFBC}") = "WpfApplicationChart", "WpfApplicationChart\WpfApplicationChart.csproj", "{ECFB3996-CC83-43BF-827B-995FA26409FE}"
EndProject
Global
	GlobalSection(SolutionConfigurationPlatforms) = preSolution
		Debug|Any CPU = Debug|Any CPU
		Release|Any CPU = Release|Any CPU
	EndGlobalSection
	GlobalSection(ProjectConfigurationPlatforms) = postSolution
		{ECFB3996-CC83-43BF-827B-995FA26409FE}.Debug|Any CPU.ActiveCfg = Debug|Any CPU
		{ECFB3996-CC83-43BF-827B-995FA26409FE}.Debug|Any CPU.Build.0 = Debug|Any CPU
		{ECFB3996-CC83-43BF-827B-995FA26409FE}.Release|Any CPU.ActiveCfg = Release|Any CPU
		{ECFB3996-CC83-43BF-827B-995FA26409FE}.Release|Any CPU.Build.0 = Release|Any CPU
	EndGlobalSection
	GlobalSection(SolutionProperties) = preSolution
		HideSolutionNode = FALSE
	EndGlobalSection
	GlobalSection(ExtensibilityGlobals) = postSolution
		SolutionGuid = {F3EFDB8C-5883-4637-9B8B-8FBACC724F59}
	EndGlobalSection
EndGlobal
