
Microsoft Visual Studio Solution File, Format Version 12.00
# Visual Studio Version 16
VisualStudioVersion = 16.0.30503.244
MinimumVisualStudioVersion = 10.0.40219.1
Project("{FAE04EC0-301F-11D3-BF4B-00C04F79EFBC}") = "WpfAppPolygon", "WpfAppPolygon\WpfAppPolygon.csproj", "{7A6CBA7C-3C08-476F-A361-39029DC31430}"
EndProject
Global
	GlobalSection(SolutionConfigurationPlatforms) = preSolution
		Debug|Any CPU = Debug|Any CPU
		Release|Any CPU = Release|Any CPU
	EndGlobalSection
	GlobalSection(ProjectConfigurationPlatforms) = postSolution
		{7A6CBA7C-3C08-476F-A361-39029DC31430}.Debug|Any CPU.ActiveCfg = Debug|Any CPU
		{7A6CBA7C-3C08-476F-A361-39029DC31430}.Debug|Any CPU.Build.0 = Debug|Any CPU
		{7A6CBA7C-3C08-476F-A361-39029DC31430}.Release|Any CPU.ActiveCfg = Release|Any CPU
		{7A6CBA7C-3C08-476F-A361-39029DC31430}.Release|Any CPU.Build.0 = Release|Any CPU
	EndGlobalSection
	GlobalSection(SolutionProperties) = preSolution
		HideSolutionNode = FALSE
	EndGlobalSection
	GlobalSection(ExtensibilityGlobals) = postSolution
		SolutionGuid = {0AA01492-3EEA-4265-BE7F-A9E7998FD54F}
	EndGlobalSection
EndGlobal
